
Microsoft Visual Studio Solution File, Format Version 12.00
# Visual Studio Version 17
VisualStudioVersion = 17.0.31903.59
MinimumVisualStudioVersion = 10.0.40219.1
Project("{2150E333-8FDC-42A3-9474-1A3956D46DE8}") = "src", "src", "{827E0CD3-B72D-47B6-A68D-7590B98EB39B}"
EndProject
Project("{FAE04EC0-301F-11D3-BF4B-00C04F79EFBC}") = "Domain", "src\Domain\Domain.csproj", "{D080D72E-E076-4296-9CD7-EA5BFE0870EA}"
EndProject
Project("{FAE04EC0-301F-11D3-BF4B-00C04F79EFBC}") = "Application.Contracts", "src\Application.Contracts\Application.Contracts.csproj", "{DE1FA8D3-EF03-4C58-B732-DF7613E71436}"
EndProject
Project("{FAE04EC0-301F-11D3-BF4B-00C04F79EFBC}") = "Application", "src\Application\Application.csproj", "{168C2ED8-0B26-4967-AB66-1B19BC739E9C}"
EndProject
Project("{FAE04EC0-301F-11D3-BF4B-00C04F79EFBC}") = "Infrastructure", "src\Infrastructure\Infrastructure.csproj", "{E18F1245-E86D-4CBA-8F62-1CE838AC6354}"
EndProject
Project("{FAE04EC0-301F-11D3-BF4B-00C04F79EFBC}") = "WebApi", "src\WebApi\WebApi.csproj", "{E5F71C5B-2496-42F9-B8B5-08D4D7C1331C}"
EndProject
Project("{FAE04EC0-301F-11D3-BF4B-00C04F79EFBC}") = "Tests", "src\Tests\Tests.csproj", "{AD7DEF37-3733-4E95-8C16-7210C0529497}"
EndProject
Global
	GlobalSection(SolutionConfigurationPlatforms) = preSolution
		Debug|Any CPU = Debug|Any CPU
		Debug|x64 = Debug|x64
		Debug|x86 = Debug|x86
		Release|Any CPU = Release|Any CPU
		Release|x64 = Release|x64
		Release|x86 = Release|x86
	EndGlobalSection
	GlobalSection(ProjectConfigurationPlatforms) = postSolution
		{D080D72E-E076-4296-9CD7-EA5BFE0870EA}.Debug|Any CPU.ActiveCfg = Debug|Any CPU
		{D080D72E-E076-4296-9CD7-EA5BFE0870EA}.Debug|Any CPU.Build.0 = Debug|Any CPU
		{D080D72E-E076-4296-9CD7-EA5BFE0870EA}.Debug|x64.ActiveCfg = Debug|Any CPU
		{D080D72E-E076-4296-9CD7-EA5BFE0870EA}.Debug|x64.Build.0 = Debug|Any CPU
		{D080D72E-E076-4296-9CD7-EA5BFE0870EA}.Debug|x86.ActiveCfg = Debug|Any CPU
		{D080D72E-E076-4296-9CD7-EA5BFE0870EA}.Debug|x86.Build.0 = Debug|Any CPU
		{D080D72E-E076-4296-9CD7-EA5BFE0870EA}.Release|Any CPU.ActiveCfg = Release|Any CPU
		{D080D72E-E076-4296-9CD7-EA5BFE0870EA}.Release|Any CPU.Build.0 = Release|Any CPU
		{D080D72E-E076-4296-9CD7-EA5BFE0870EA}.Release|x64.ActiveCfg = Release|Any CPU
		{D080D72E-E076-4296-9CD7-EA5BFE0870EA}.Release|x64.Build.0 = Release|Any CPU
		{D080D72E-E076-4296-9CD7-EA5BFE0870EA}.Release|x86.ActiveCfg = Release|Any CPU
		{D080D72E-E076-4296-9CD7-EA5BFE0870EA}.Release|x86.Build.0 = Release|Any CPU
		{DE1FA8D3-EF03-4C58-B732-DF7613E71436}.Debug|Any CPU.ActiveCfg = Debug|Any CPU
		{DE1FA8D3-EF03-4C58-B732-DF7613E71436}.Debug|Any CPU.Build.0 = Debug|Any CPU
		{DE1FA8D3-EF03-4C58-B732-DF7613E71436}.Debug|x64.ActiveCfg = Debug|Any CPU
		{DE1FA8D3-EF03-4C58-B732-DF7613E71436}.Debug|x64.Build.0 = Debug|Any CPU
		{DE1FA8D3-EF03-4C58-B732-DF7613E71436}.Debug|x86.ActiveCfg = Debug|Any CPU
		{DE1FA8D3-EF03-4C58-B732-DF7613E71436}.Debug|x86.Build.0 = Debug|Any CPU
		{DE1FA8D3-EF03-4C58-B732-DF7613E71436}.Release|Any CPU.ActiveCfg = Release|Any CPU
		{DE1FA8D3-EF03-4C58-B732-DF7613E71436}.Release|Any CPU.Build.0 = Release|Any CPU
		{DE1FA8D3-EF03-4C58-B732-DF7613E71436}.Release|x64.ActiveCfg = Release|Any CPU
		{DE1FA8D3-EF03-4C58-B732-DF7613E71436}.Release|x64.Build.0 = Release|Any CPU
		{DE1FA8D3-EF03-4C58-B732-DF7613E71436}.Release|x86.ActiveCfg = Release|Any CPU
		{DE1FA8D3-EF03-4C58-B732-DF7613E71436}.Release|x86.Build.0 = Release|Any CPU
		{168C2ED8-0B26-4967-AB66-1B19BC739E9C}.Debug|Any CPU.ActiveCfg = Debug|Any CPU
		{168C2ED8-0B26-4967-AB66-1B19BC739E9C}.Debug|Any CPU.Build.0 = Debug|Any CPU
		{168C2ED8-0B26-4967-AB66-1B19BC739E9C}.Debug|x64.ActiveCfg = Debug|Any CPU
		{168C2ED8-0B26-4967-AB66-1B19BC739E9C}.Debug|x64.Build.0 = Debug|Any CPU
		{168C2ED8-0B26-4967-AB66-1B19BC739E9C}.Debug|x86.ActiveCfg = Debug|Any CPU
		{168C2ED8-0B26-4967-AB66-1B19BC739E9C}.Debug|x86.Build.0 = Debug|Any CPU
		{168C2ED8-0B26-4967-AB66-1B19BC739E9C}.Release|Any CPU.ActiveCfg = Release|Any CPU
		{168C2ED8-0B26-4967-AB66-1B19BC739E9C}.Release|Any CPU.Build.0 = Release|Any CPU
		{168C2ED8-0B26-4967-AB66-1B19BC739E9C}.Release|x64.ActiveCfg = Release|Any CPU
		{168C2ED8-0B26-4967-AB66-1B19BC739E9C}.Release|x64.Build.0 = Release|Any CPU
		{168C2ED8-0B26-4967-AB66-1B19BC739E9C}.Release|x86.ActiveCfg = Release|Any CPU
		{168C2ED8-0B26-4967-AB66-1B19BC739E9C}.Release|x86.Build.0 = Release|Any CPU
		{E18F1245-E86D-4CBA-8F62-1CE838AC6354}.Debug|Any CPU.ActiveCfg = Debug|Any CPU
		{E18F1245-E86D-4CBA-8F62-1CE838AC6354}.Debug|Any CPU.Build.0 = Debug|Any CPU
		{E18F1245-E86D-4CBA-8F62-1CE838AC6354}.Debug|x64.ActiveCfg = Debug|Any CPU
		{E18F1245-E86D-4CBA-8F62-1CE838AC6354}.Debug|x64.Build.0 = Debug|Any CPU
		{E18F1245-E86D-4CBA-8F62-1CE838AC6354}.Debug|x86.ActiveCfg = Debug|Any CPU
		{E18F1245-E86D-4CBA-8F62-1CE838AC6354}.Debug|x86.Build.0 = Debug|Any CPU
		{E18F1245-E86D-4CBA-8F62-1CE838AC6354}.Release|Any CPU.ActiveCfg = Release|Any CPU
		{E18F1245-E86D-4CBA-8F62-1CE838AC6354}.Release|Any CPU.Build.0 = Release|Any CPU
		{E18F1245-E86D-4CBA-8F62-1CE838AC6354}.Release|x64.ActiveCfg = Release|Any CPU
		{E18F1245-E86D-4CBA-8F62-1CE838AC6354}.Release|x64.Build.0 = Release|Any CPU
		{E18F1245-E86D-4CBA-8F62-1CE838AC6354}.Release|x86.ActiveCfg = Release|Any CPU
		{E18F1245-E86D-4CBA-8F62-1CE838AC6354}.Release|x86.Build.0 = Release|Any CPU
		{E5F71C5B-2496-42F9-B8B5-08D4D7C1331C}.Debug|Any CPU.ActiveCfg = Debug|Any CPU
		{E5F71C5B-2496-42F9-B8B5-08D4D7C1331C}.Debug|Any CPU.Build.0 = Debug|Any CPU
		{E5F71C5B-2496-42F9-B8B5-08D4D7C1331C}.Debug|x64.ActiveCfg = Debug|Any CPU
		{E5F71C5B-2496-42F9-B8B5-08D4D7C1331C}.Debug|x64.Build.0 = Debug|Any CPU
		{E5F71C5B-2496-42F9-B8B5-08D4D7C1331C}.Debug|x86.ActiveCfg = Debug|Any CPU
		{E5F71C5B-2496-42F9-B8B5-08D4D7C1331C}.Debug|x86.Build.0 = Debug|Any CPU
		{E5F71C5B-2496-42F9-B8B5-08D4D7C1331C}.Release|Any CPU.ActiveCfg = Release|Any CPU
		{E5F71C5B-2496-42F9-B8B5-08D4D7C1331C}.Release|Any CPU.Build.0 = Release|Any CPU
		{E5F71C5B-2496-42F9-B8B5-08D4D7C1331C}.Release|x64.ActiveCfg = Release|Any CPU
		{E5F71C5B-2496-42F9-B8B5-08D4D7C1331C}.Release|x64.Build.0 = Release|Any CPU
		{E5F71C5B-2496-42F9-B8B5-08D4D7C1331C}.Release|x86.ActiveCfg = Release|Any CPU
		{E5F71C5B-2496-42F9-B8B5-08D4D7C1331C}.Release|x86.Build.0 = Release|Any CPU
		{AD7DEF37-3733-4E95-8C16-7210C0529497}.Debug|Any CPU.ActiveCfg = Debug|Any CPU
		{AD7DEF37-3733-4E95-8C16-7210C0529497}.Debug|Any CPU.Build.0 = Debug|Any CPU
		{AD7DEF37-3733-4E95-8C16-7210C0529497}.Debug|x64.ActiveCfg = Debug|Any CPU
		{AD7DEF37-3733-4E95-8C16-7210C0529497}.Debug|x64.Build.0 = Debug|Any CPU
		{AD7DEF37-3733-4E95-8C16-7210C0529497}.Debug|x86.ActiveCfg = Debug|Any CPU
		{AD7DEF37-3733-4E95-8C16-7210C0529497}.Debug|x86.Build.0 = Debug|Any CPU
		{AD7DEF37-3733-4E95-8C16-7210C0529497}.Release|Any CPU.ActiveCfg = Release|Any CPU
		{AD7DEF37-3733-4E95-8C16-7210C0529497}.Release|Any CPU.Build.0 = Release|Any CPU
		{AD7DEF37-3733-4E95-8C16-7210C0529497}.Release|x64.ActiveCfg = Release|Any CPU
		{AD7DEF37-3733-4E95-8C16-7210C0529497}.Release|x64.Build.0 = Release|Any CPU
		{AD7DEF37-3733-4E95-8C16-7210C0529497}.Release|x86.ActiveCfg = Release|Any CPU
		{AD7DEF37-3733-4E95-8C16-7210C0529497}.Release|x86.Build.0 = Release|Any CPU
	EndGlobalSection
	GlobalSection(SolutionProperties) = preSolution
		HideSolutionNode = FALSE
	EndGlobalSection
	GlobalSection(NestedProjects) = preSolution
		{D080D72E-E076-4296-9CD7-EA5BFE0870EA} = {827E0CD3-B72D-47B6-A68D-7590B98EB39B}
		{DE1FA8D3-EF03-4C58-B732-DF7613E71436} = {827E0CD3-B72D-47B6-A68D-7590B98EB39B}
		{168C2ED8-0B26-4967-AB66-1B19BC739E9C} = {827E0CD3-B72D-47B6-A68D-7590B98EB39B}
		{E18F1245-E86D-4CBA-8F62-1CE838AC6354} = {827E0CD3-B72D-47B6-A68D-7590B98EB39B}
		{E5F71C5B-2496-42F9-B8B5-08D4D7C1331C} = {827E0CD3-B72D-47B6-A68D-7590B98EB39B}
		{AD7DEF37-3733-4E95-8C16-7210C0529497} = {827E0CD3-B72D-47B6-A68D-7590B98EB39B}
	EndGlobalSection
EndGlobal
